
Microsoft Visual Studio Solution File, Format Version 12.00
# Visual Studio Version 17
VisualStudioVersion = 17.3.32819.101
MinimumVisualStudioVersion = 10.0.40219.1
Project("{FAE04EC0-301F-11D3-BF4B-00C04F79EFBC}") = "git-test", "git-test\git-test.csproj", "{75445E22-C192-443B-9131-EE915A131DF6}"
EndProject
Global
	GlobalSection(SolutionConfigurationPlatforms) = preSolution
		Debug|Any CPU = Debug|Any CPU
		Release|Any CPU = Release|Any CPU
	EndGlobalSection
	GlobalSection(ProjectConfigurationPlatforms) = postSolution
		{75445E22-C192-443B-9131-EE915A131DF6}.Debug|Any CPU.ActiveCfg = Debug|Any CPU
		{75445E22-C192-443B-9131-EE915A131DF6}.Debug|Any CPU.Build.0 = Debug|Any CPU
		{75445E22-C192-443B-9131-EE915A131DF6}.Release|Any CPU.ActiveCfg = Release|Any CPU
		{75445E22-C192-443B-9131-EE915A131DF6}.Release|Any CPU.Build.0 = Release|Any CPU
	EndGlobalSection
	GlobalSection(SolutionProperties) = preSolution
		HideSolutionNode = FALSE
	EndGlobalSection
	GlobalSection(ExtensibilityGlobals) = postSolution
		SolutionGuid = {45C9EC3B-E9F2-43E4-981E-F8B0957F40BA}
	EndGlobalSection
EndGlobal
